// !$*UTF8*$!
{
	archiveVersion = 1;
	classes = {
	};
	objectVersion = 50;
	objects = {

/* Begin PBXBuildFile section */
		26869D51A2B34B57DB5387E8 /* Pods_ImageSaverAndDisplayer.framework in Frameworks */ = {isa = PBXBuildFile; fileRef = E7A4B3FFE1504C848C137774 /* Pods_ImageSaverAndDisplayer.framework */; };
		4E77E2332297286F00281D4D /* AppDelegate.swift in Sources */ = {isa = PBXBuildFile; fileRef = 4E77E2322297286F00281D4D /* AppDelegate.swift */; };
		4E77E2382297286F00281D4D /* Main.storyboard in Resources */ = {isa = PBXBuildFile; fileRef = 4E77E2362297286F00281D4D /* Main.storyboard */; };
		4E77E23B2297286F00281D4D /* ImageSaverAndDisplayer.xcdatamodeld in Sources */ = {isa = PBXBuildFile; fileRef = 4E77E2392297286F00281D4D /* ImageSaverAndDisplayer.xcdatamodeld */; };
		4E77E23D2297287100281D4D /* Assets.xcassets in Resources */ = {isa = PBXBuildFile; fileRef = 4E77E23C2297287100281D4D /* Assets.xcassets */; };
		4E77E2402297287100281D4D /* LaunchScreen.storyboard in Resources */ = {isa = PBXBuildFile; fileRef = 4E77E23E2297287100281D4D /* LaunchScreen.storyboard */; };
		4E77E24B2297287100281D4D /* ImageSaverAndDisplayerTests.swift in Sources */ = {isa = PBXBuildFile; fileRef = 4E77E24A2297287100281D4D /* ImageSaverAndDisplayerTests.swift */; };
		4E77E25822972AF200281D4D /* CoredataRequests.swift in Sources */ = {isa = PBXBuildFile; fileRef = 4E77E25722972AF100281D4D /* CoredataRequests.swift */; };
		4E77E25C22972B2100281D4D /* JSONKeys.swift in Sources */ = {isa = PBXBuildFile; fileRef = 4E77E25B22972B2100281D4D /* JSONKeys.swift */; };
		4E77E25E22972B3300281D4D /* APIRequests.swift in Sources */ = {isa = PBXBuildFile; fileRef = 4E77E25D22972B3300281D4D /* APIRequests.swift */; };
		4E77E26022972B3D00281D4D /* Models.swift in Sources */ = {isa = PBXBuildFile; fileRef = 4E77E25F22972B3D00281D4D /* Models.swift */; };
		4E77E26222972B4500281D4D /* Extensions.swift in Sources */ = {isa = PBXBuildFile; fileRef = 4E77E26122972B4400281D4D /* Extensions.swift */; };
		4E77E26522972B5D00281D4D /* ImagesViewController.swift in Sources */ = {isa = PBXBuildFile; fileRef = 4E77E26422972B5D00281D4D /* ImagesViewController.swift */; };
		4E77E26A22972B7D00281D4D /* ImageCell.swift in Sources */ = {isa = PBXBuildFile; fileRef = 4E77E26822972B7D00281D4D /* ImageCell.swift */; };
		4E77E26B22972B7D00281D4D /* ImageCell.xib in Resources */ = {isa = PBXBuildFile; fileRef = 4E77E26922972B7D00281D4D /* ImageCell.xib */; };
		C45B70A06DC601C727E06012 /* Pods_ImageSaverAndDisplayerTests.framework in Frameworks */ = {isa = PBXBuildFile; fileRef = 7C5CD9F390F2A0D542B6F4A9 /* Pods_ImageSaverAndDisplayerTests.framework */; };
/* End PBXBuildFile section */

/* Begin PBXContainerItemProxy section */
		4E77E2472297287100281D4D /* PBXContainerItemProxy */ = {
			isa = PBXContainerItemProxy;
			containerPortal = 4E77E2272297286F00281D4D /* Project object */;
			proxyType = 1;
			remoteGlobalIDString = 4E77E22E2297286F00281D4D;
			remoteInfo = ImageSaverAndDisplayer;
		};
/* End PBXContainerItemProxy section */

/* Begin PBXFileReference section */
		03EA2B2539443C76BE77E754 /* Pods-ImageSaverAndDisplayerTests.debug.xcconfig */ = {isa = PBXFileReference; includeInIndex = 1; lastKnownFileType = text.xcconfig; name = "Pods-ImageSaverAndDisplayerTests.debug.xcconfig"; path = "Pods/Target Support Files/Pods-ImageSaverAndDisplayerTests/Pods-ImageSaverAndDisplayerTests.debug.xcconfig"; sourceTree = "<group>"; };
		1B00B4278CF19E523406DFF7 /* Pods-ImageSaverAndDisplayer.debug.xcconfig */ = {isa = PBXFileReference; includeInIndex = 1; lastKnownFileType = text.xcconfig; name = "Pods-ImageSaverAndDisplayer.debug.xcconfig"; path = "Pods/Target Support Files/Pods-ImageSaverAndDisplayer/Pods-ImageSaverAndDisplayer.debug.xcconfig"; sourceTree = "<group>"; };
		4E77E22F2297286F00281D4D /* ImageSaverAndDisplayer.app */ = {isa = PBXFileReference; explicitFileType = wrapper.application; includeInIndex = 0; path = ImageSaverAndDisplayer.app; sourceTree = BUILT_PRODUCTS_DIR; };
		4E77E2322297286F00281D4D /* AppDelegate.swift */ = {isa = PBXFileReference; lastKnownFileType = sourcecode.swift; path = AppDelegate.swift; sourceTree = "<group>"; };
		4E77E2372297286F00281D4D /* Base */ = {isa = PBXFileReference; lastKnownFileType = file.storyboard; name = Base; path = Base.lproj/Main.storyboard; sourceTree = "<group>"; };
		4E77E23A2297286F00281D4D /* ImageSaverAndDisplayer.xcdatamodel */ = {isa = PBXFileReference; lastKnownFileType = wrapper.xcdatamodel; path = ImageSaverAndDisplayer.xcdatamodel; sourceTree = "<group>"; };
		4E77E23C2297287100281D4D /* Assets.xcassets */ = {isa = PBXFileReference; lastKnownFileType = folder.assetcatalog; path = Assets.xcassets; sourceTree = "<group>"; };
		4E77E23F2297287100281D4D /* Base */ = {isa = PBXFileReference; lastKnownFileType = file.storyboard; name = Base; path = Base.lproj/LaunchScreen.storyboard; sourceTree = "<group>"; };
		4E77E2412297287100281D4D /* Info.plist */ = {isa = PBXFileReference; lastKnownFileType = text.plist.xml; path = Info.plist; sourceTree = "<group>"; };
		4E77E2462297287100281D4D /* ImageSaverAndDisplayerTests.xctest */ = {isa = PBXFileReference; explicitFileType = wrapper.cfbundle; includeInIndex = 0; path = ImageSaverAndDisplayerTests.xctest; sourceTree = BUILT_PRODUCTS_DIR; };
		4E77E24A2297287100281D4D /* ImageSaverAndDisplayerTests.swift */ = {isa = PBXFileReference; lastKnownFileType = sourcecode.swift; path = ImageSaverAndDisplayerTests.swift; sourceTree = "<group>"; };
		4E77E24C2297287100281D4D /* Info.plist */ = {isa = PBXFileReference; lastKnownFileType = text.plist.xml; path = Info.plist; sourceTree = "<group>"; };
		4E77E25722972AF100281D4D /* CoredataRequests.swift */ = {isa = PBXFileReference; fileEncoding = 4; lastKnownFileType = sourcecode.swift; path = CoredataRequests.swift; sourceTree = "<group>"; };
		4E77E25B22972B2100281D4D /* JSONKeys.swift */ = {isa = PBXFileReference; fileEncoding = 4; lastKnownFileType = sourcecode.swift; path = JSONKeys.swift; sourceTree = "<group>"; };
		4E77E25D22972B3300281D4D /* APIRequests.swift */ = {isa = PBXFileReference; fileEncoding = 4; lastKnownFileType = sourcecode.swift; path = APIRequests.swift; sourceTree = "<group>"; };
		4E77E25F22972B3D00281D4D /* Models.swift */ = {isa = PBXFileReference; fileEncoding = 4; lastKnownFileType = sourcecode.swift; path = Models.swift; sourceTree = "<group>"; };
		4E77E26122972B4400281D4D /* Extensions.swift */ = {isa = PBXFileReference; fileEncoding = 4; lastKnownFileType = sourcecode.swift; path = Extensions.swift; sourceTree = "<group>"; };
		4E77E26422972B5D00281D4D /* ImagesViewController.swift */ = {isa = PBXFileReference; fileEncoding = 4; lastKnownFileType = sourcecode.swift; path = ImagesViewController.swift; sourceTree = "<group>"; };
		4E77E26822972B7D00281D4D /* ImageCell.swift */ = {isa = PBXFileReference; fileEncoding = 4; lastKnownFileType = sourcecode.swift; path = ImageCell.swift; sourceTree = "<group>"; };
		4E77E26922972B7D00281D4D /* ImageCell.xib */ = {isa = PBXFileReference; fileEncoding = 4; lastKnownFileType = file.xib; path = ImageCell.xib; sourceTree = "<group>"; };
		7C5CD9F390F2A0D542B6F4A9 /* Pods_ImageSaverAndDisplayerTests.framework */ = {isa = PBXFileReference; explicitFileType = wrapper.framework; includeInIndex = 0; path = Pods_ImageSaverAndDisplayerTests.framework; sourceTree = BUILT_PRODUCTS_DIR; };
		C1250947EE3B8C57BF604010 /* Pods-ImageSaverAndDisplayer.release.xcconfig */ = {isa = PBXFileReference; includeInIndex = 1; lastKnownFileType = text.xcconfig; name = "Pods-ImageSaverAndDisplayer.release.xcconfig"; path = "Pods/Target Support Files/Pods-ImageSaverAndDisplayer/Pods-ImageSaverAndDisplayer.release.xcconfig"; sourceTree = "<group>"; };
		C3C6318C3FB79AF5E2B81BAD /* Pods-ImageSaverAndDisplayerTests.release.xcconfig */ = {isa = PBXFileReference; includeInIndex = 1; lastKnownFileType = text.xcconfig; name = "Pods-ImageSaverAndDisplayerTests.release.xcconfig"; path = "Pods/Target Support Files/Pods-ImageSaverAndDisplayerTests/Pods-ImageSaverAndDisplayerTests.release.xcconfig"; sourceTree = "<group>"; };
		E7A4B3FFE1504C848C137774 /* Pods_ImageSaverAndDisplayer.framework */ = {isa = PBXFileReference; explicitFileType = wrapper.framework; includeInIndex = 0; path = Pods_ImageSaverAndDisplayer.framework; sourceTree = BUILT_PRODUCTS_DIR; };
/* End PBXFileReference section */

/* Begin PBXFrameworksBuildPhase section */
		4E77E22C2297286F00281D4D /* Frameworks */ = {
			isa = PBXFrameworksBuildPhase;
			buildActionMask = 2147483647;
			files = (
				26869D51A2B34B57DB5387E8 /* Pods_ImageSaverAndDisplayer.framework in Frameworks */,
			);
			runOnlyForDeploymentPostprocessing = 0;
		};
		4E77E2432297287100281D4D /* Frameworks */ = {
			isa = PBXFrameworksBuildPhase;
			buildActionMask = 2147483647;
			files = (
				C45B70A06DC601C727E06012 /* Pods_ImageSaverAndDisplayerTests.framework in Frameworks */,
			);
			runOnlyForDeploymentPostprocessing = 0;
		};
/* End PBXFrameworksBuildPhase section */

/* Begin PBXGroup section */
		4770143270719522AFBF4AFB /* Pods */ = {
			isa = PBXGroup;
			children = (
				1B00B4278CF19E523406DFF7 /* Pods-ImageSaverAndDisplayer.debug.xcconfig */,
				C1250947EE3B8C57BF604010 /* Pods-ImageSaverAndDisplayer.release.xcconfig */,
				03EA2B2539443C76BE77E754 /* Pods-ImageSaverAndDisplayerTests.debug.xcconfig */,
				C3C6318C3FB79AF5E2B81BAD /* Pods-ImageSaverAndDisplayerTests.release.xcconfig */,
			);
			name = Pods;
			sourceTree = "<group>";
		};
		4E77E2262297286F00281D4D = {
			isa = PBXGroup;
			children = (
				4E77E2312297286F00281D4D /* ImageSaverAndDisplayer */,
				4E77E2492297287100281D4D /* ImageSaverAndDisplayerTests */,
				4E77E2302297286F00281D4D /* Products */,
				4770143270719522AFBF4AFB /* Pods */,
				5A460F4479A9C10C51D45DB1 /* Frameworks */,
			);
			sourceTree = "<group>";
		};
		4E77E2302297286F00281D4D /* Products */ = {
			isa = PBXGroup;
			children = (
				4E77E22F2297286F00281D4D /* ImageSaverAndDisplayer.app */,
				4E77E2462297287100281D4D /* ImageSaverAndDisplayerTests.xctest */,
			);
			name = Products;
			sourceTree = "<group>";
		};
		4E77E2312297286F00281D4D /* ImageSaverAndDisplayer */ = {
			isa = PBXGroup;
			children = (
				4E77E27022972D2700281D4D /* CoredataRequests */,
				4E77E26F22972D1800281D4D /* JSONKeys */,
				4E77E26E22972D0700281D4D /* APIRequests */,
				4E77E26D22972CF200281D4D /* Models */,
				4E77E26C22972CE200281D4D /* Extensions */,
				4E77E26322972B4F00281D4D /* ImageViewController */,
				4E77E2322297286F00281D4D /* AppDelegate.swift */,
				4E77E2362297286F00281D4D /* Main.storyboard */,
				4E77E23C2297287100281D4D /* Assets.xcassets */,
				4E77E23E2297287100281D4D /* LaunchScreen.storyboard */,
				4E77E2412297287100281D4D /* Info.plist */,
				4E77E2392297286F00281D4D /* ImageSaverAndDisplayer.xcdatamodeld */,
			);
			path = ImageSaverAndDisplayer;
			sourceTree = "<group>";
		};
		4E77E2492297287100281D4D /* ImageSaverAndDisplayerTests */ = {
			isa = PBXGroup;
			children = (
				4E77E24A2297287100281D4D /* ImageSaverAndDisplayerTests.swift */,
				4E77E24C2297287100281D4D /* Info.plist */,
			);
			path = ImageSaverAndDisplayerTests;
			sourceTree = "<group>";
		};
		4E77E26322972B4F00281D4D /* ImageViewController */ = {
			isa = PBXGroup;
			children = (
				4E77E26822972B7D00281D4D /* ImageCell.swift */,
				4E77E26922972B7D00281D4D /* ImageCell.xib */,
				4E77E26422972B5D00281D4D /* ImagesViewController.swift */,
			);
			path = ImageViewController;
			sourceTree = "<group>";
		};
		4E77E26C22972CE200281D4D /* Extensions */ = {
			isa = PBXGroup;
			children = (
				4E77E26122972B4400281D4D /* Extensions.swift */,
			);
			path = Extensions;
			sourceTree = "<group>";
		};
		4E77E26D22972CF200281D4D /* Models */ = {
			isa = PBXGroup;
			children = (
				4E77E25F22972B3D00281D4D /* Models.swift */,
			);
			path = Models;
			sourceTree = "<group>";
		};
		4E77E26E22972D0700281D4D /* APIRequests */ = {
			isa = PBXGroup;
			children = (
				4E77E25D22972B3300281D4D /* APIRequests.swift */,
			);
			path = APIRequests;
			sourceTree = "<group>";
		};
		4E77E26F22972D1800281D4D /* JSONKeys */ = {
			isa = PBXGroup;
			children = (
				4E77E25B22972B2100281D4D /* JSONKeys.swift */,
			);
			path = JSONKeys;
			sourceTree = "<group>";
		};
		4E77E27022972D2700281D4D /* CoredataRequests */ = {
			isa = PBXGroup;
			children = (
				4E77E25722972AF100281D4D /* CoredataRequests.swift */,
			);
			path = CoredataRequests;
			sourceTree = "<group>";
		};
		5A460F4479A9C10C51D45DB1 /* Frameworks */ = {
			isa = PBXGroup;
			children = (
				E7A4B3FFE1504C848C137774 /* Pods_ImageSaverAndDisplayer.framework */,
				7C5CD9F390F2A0D542B6F4A9 /* Pods_ImageSaverAndDisplayerTests.framework */,
			);
			name = Frameworks;
			sourceTree = "<group>";
		};
/* End PBXGroup section */

/* Begin PBXNativeTarget section */
		4E77E22E2297286F00281D4D /* ImageSaverAndDisplayer */ = {
			isa = PBXNativeTarget;
			buildConfigurationList = 4E77E24F2297287100281D4D /* Build configuration list for PBXNativeTarget "ImageSaverAndDisplayer" */;
			buildPhases = (
				C0E792094A1C19AC9C35D660 /* [CP] Check Pods Manifest.lock */,
				4E77E22B2297286F00281D4D /* Sources */,
				4E77E22C2297286F00281D4D /* Frameworks */,
				4E77E22D2297286F00281D4D /* Resources */,
				5098A259EB16829107834D3C /* [CP] Embed Pods Frameworks */,
			);
			buildRules = (
			);
			dependencies = (
			);
			name = ImageSaverAndDisplayer;
			productName = ImageSaverAndDisplayer;
			productReference = 4E77E22F2297286F00281D4D /* ImageSaverAndDisplayer.app */;
			productType = "com.apple.product-type.application";
		};
		4E77E2452297287100281D4D /* ImageSaverAndDisplayerTests */ = {
			isa = PBXNativeTarget;
			buildConfigurationList = 4E77E2522297287100281D4D /* Build configuration list for PBXNativeTarget "ImageSaverAndDisplayerTests" */;
			buildPhases = (
				894C03DA279D59EA452A27D1 /* [CP] Check Pods Manifest.lock */,
				4E77E2422297287100281D4D /* Sources */,
				4E77E2432297287100281D4D /* Frameworks */,
				4E77E2442297287100281D4D /* Resources */,
			);
			buildRules = (
			);
			dependencies = (
				4E77E2482297287100281D4D /* PBXTargetDependency */,
			);
			name = ImageSaverAndDisplayerTests;
			productName = ImageSaverAndDisplayerTests;
			productReference = 4E77E2462297287100281D4D /* ImageSaverAndDisplayerTests.xctest */;
			productType = "com.apple.product-type.bundle.unit-test";
		};
/* End PBXNativeTarget section */

/* Begin PBXProject section */
		4E77E2272297286F00281D4D /* Project object */ = {
			isa = PBXProject;
			attributes = {
				LastSwiftUpdateCheck = 1020;
				LastUpgradeCheck = 1020;
				ORGANIZATIONNAME = "Ali Jaber";
				TargetAttributes = {
					4E77E22E2297286F00281D4D = {
						CreatedOnToolsVersion = 10.2.1;
					};
					4E77E2452297287100281D4D = {
						CreatedOnToolsVersion = 10.2.1;
						TestTargetID = 4E77E22E2297286F00281D4D;
					};
				};
			};
			buildConfigurationList = 4E77E22A2297286F00281D4D /* Build configuration list for PBXProject "ImageSaverAndDisplayer" */;
			compatibilityVersion = "Xcode 9.3";
			developmentRegion = en;
			hasScannedForEncodings = 0;
			knownRegions = (
				en,
				Base,
			);
			mainGroup = 4E77E2262297286F00281D4D;
			productRefGroup = 4E77E2302297286F00281D4D /* Products */;
			projectDirPath = "";
			projectRoot = "";
			targets = (
				4E77E22E2297286F00281D4D /* ImageSaverAndDisplayer */,
				4E77E2452297287100281D4D /* ImageSaverAndDisplayerTests */,
			);
		};
/* End PBXProject section */

/* Begin PBXResourcesBuildPhase section */
		4E77E22D2297286F00281D4D /* Resources */ = {
			isa = PBXResourcesBuildPhase;
			buildActionMask = 2147483647;
			files = (
				4E77E2402297287100281D4D /* LaunchScreen.storyboard in Resources */,
				4E77E23D2297287100281D4D /* Assets.xcassets in Resources */,
				4E77E26B22972B7D00281D4D /* ImageCell.xib in Resources */,
				4E77E2382297286F00281D4D /* Main.storyboard in Resources */,
			);
			runOnlyForDeploymentPostprocessing = 0;
		};
		4E77E2442297287100281D4D /* Resources */ = {
			isa = PBXResourcesBuildPhase;
			buildActionMask = 2147483647;
			files = (
			);
			runOnlyForDeploymentPostprocessing = 0;
		};
/* End PBXResourcesBuildPhase section */

/* Begin PBXShellScriptBuildPhase section */
		5098A259EB16829107834D3C /* [CP] Embed Pods Frameworks */ = {
			isa = PBXShellScriptBuildPhase;
			buildActionMask = 2147483647;
			files = (
			);
			inputPaths = (
				"${SRCROOT}/Pods/Target Support Files/Pods-ImageSaverAndDisplayer/Pods-ImageSaverAndDisplayer-frameworks.sh",
				"${BUILT_PRODUCTS_DIR}/Alamofire/Alamofire.framework",
				"${BUILT_PRODUCTS_DIR}/Kingfisher/Kingfisher.framework",
				"${BUILT_PRODUCTS_DIR}/SVProgressHUD/SVProgressHUD.framework",
			);
			name = "[CP] Embed Pods Frameworks";
			outputPaths = (
				"${TARGET_BUILD_DIR}/${FRAMEWORKS_FOLDER_PATH}/Alamofire.framework",
				"${TARGET_BUILD_DIR}/${FRAMEWORKS_FOLDER_PATH}/Kingfisher.framework",
				"${TARGET_BUILD_DIR}/${FRAMEWORKS_FOLDER_PATH}/SVProgressHUD.framework",
			);
			runOnlyForDeploymentPostprocessing = 0;
			shellPath = /bin/sh;
			shellScript = "\"${SRCROOT}/Pods/Target Support Files/Pods-ImageSaverAndDisplayer/Pods-ImageSaverAndDisplayer-frameworks.sh\"\n";
			showEnvVarsInLog = 0;
		};
		894C03DA279D59EA452A27D1 /* [CP] Check Pods Manifest.lock */ = {
			isa = PBXShellScriptBuildPhase;
			buildActionMask = 2147483647;
			files = (
			);
			inputPaths = (
				"${PODS_PODFILE_DIR_PATH}/Podfile.lock",
				"${PODS_ROOT}/Manifest.lock",
			);
			name = "[CP] Check Pods Manifest.lock";
			outputPaths = (
				"$(DERIVED_FILE_DIR)/Pods-ImageSaverAndDisplayerTests-checkManifestLockResult.txt",
			);
			runOnlyForDeploymentPostprocessing = 0;
			shellPath = /bin/sh;
			shellScript = "diff \"${PODS_PODFILE_DIR_PATH}/Podfile.lock\" \"${PODS_ROOT}/Manifest.lock\" > /dev/null\nif [ $? != 0 ] ; then\n    # print error to STDERR\n    echo \"error: The sandbox is not in sync with the Podfile.lock. Run 'pod install' or update your CocoaPods installation.\" >&2\n    exit 1\nfi\n# This output is used by Xcode 'outputs' to avoid re-running this script phase.\necho \"SUCCESS\" > \"${SCRIPT_OUTPUT_FILE_0}\"\n";
			showEnvVarsInLog = 0;
		};
		C0E792094A1C19AC9C35D660 /* [CP] Check Pods Manifest.lock */ = {
			isa = PBXShellScriptBuildPhase;
			buildActionMask = 2147483647;
			files = (
			);
			inputPaths = (
				"${PODS_PODFILE_DIR_PATH}/Podfile.lock",
				"${PODS_ROOT}/Manifest.lock",
			);
			name = "[CP] Check Pods Manifest.lock";
			outputPaths = (
				"$(DERIVED_FILE_DIR)/Pods-ImageSaverAndDisplayer-checkManifestLockResult.txt",
			);
			runOnlyForDeploymentPostprocessing = 0;
			shellPath = /bin/sh;
			shellScript = "diff \"${PODS_PODFILE_DIR_PATH}/Podfile.lock\" \"${PODS_ROOT}/Manifest.lock\" > /dev/null\nif [ $? != 0 ] ; then\n    # print error to STDERR\n    echo \"error: The sandbox is not in sync with the Podfile.lock. Run 'pod install' or update your CocoaPods installation.\" >&2\n    exit 1\nfi\n# This output is used by Xcode 'outputs' to avoid re-running this script phase.\necho \"SUCCESS\" > \"${SCRIPT_OUTPUT_FILE_0}\"\n";
			showEnvVarsInLog = 0;
		};
/* End PBXShellScriptBuildPhase section */

/* Begin PBXSourcesBuildPhase section */
		4E77E22B2297286F00281D4D /* Sources */ = {
			isa = PBXSourcesBuildPhase;
			buildActionMask = 2147483647;
			files = (
				4E77E26522972B5D00281D4D /* ImagesViewController.swift in Sources */,
				4E77E25822972AF200281D4D /* CoredataRequests.swift in Sources */,
				4E77E25C22972B2100281D4D /* JSONKeys.swift in Sources */,
				4E77E26222972B4500281D4D /* Extensions.swift in Sources */,
				4E77E23B2297286F00281D4D /* ImageSaverAndDisplayer.xcdatamodeld in Sources */,
				4E77E25E22972B3300281D4D /* APIRequests.swift in Sources */,
				4E77E2332297286F00281D4D /* AppDelegate.swift in Sources */,
				4E77E26022972B3D00281D4D /* Models.swift in Sources */,
				4E77E26A22972B7D00281D4D /* ImageCell.swift in Sources */,
			);
			runOnlyForDeploymentPostprocessing = 0;
		};
		4E77E2422297287100281D4D /* Sources */ = {
			isa = PBXSourcesBuildPhase;
			buildActionMask = 2147483647;
			files = (
				4E77E24B2297287100281D4D /* ImageSaverAndDisplayerTests.swift in Sources */,
			);
			runOnlyForDeploymentPostprocessing = 0;
		};
/* End PBXSourcesBuildPhase section */

/* Begin PBXTargetDependency section */
		4E77E2482297287100281D4D /* PBXTargetDependency */ = {
			isa = PBXTargetDependency;
			target = 4E77E22E2297286F00281D4D /* ImageSaverAndDisplayer */;
			targetProxy = 4E77E2472297287100281D4D /* PBXContainerItemProxy */;
		};
/* End PBXTargetDependency section */

/* Begin PBXVariantGroup section */
		4E77E2362297286F00281D4D /* Main.storyboard */ = {
			isa = PBXVariantGroup;
			children = (
				4E77E2372297286F00281D4D /* Base */,
			);
			name = Main.storyboard;
			sourceTree = "<group>";
		};
		4E77E23E2297287100281D4D /* LaunchScreen.storyboard */ = {
			isa = PBXVariantGroup;
			children = (
				4E77E23F2297287100281D4D /* Base */,
			);
			name = LaunchScreen.storyboard;
			sourceTree = "<group>";
		};
/* End PBXVariantGroup section */

/* Begin XCBuildConfiguration section */
		4E77E24D2297287100281D4D /* Debug */ = {
			isa = XCBuildConfiguration;
			buildSettings = {
				ALWAYS_SEARCH_USER_PATHS = NO;
				CLANG_ANALYZER_NONNULL = YES;
				CLANG_ANALYZER_NUMBER_OBJECT_CONVERSION = YES_AGGRESSIVE;
				CLANG_CXX_LANGUAGE_STANDARD = "gnu++14";
				CLANG_CXX_LIBRARY = "libc++";
				CLANG_ENABLE_MODULES = YES;
				CLANG_ENABLE_OBJC_ARC = YES;
				CLANG_ENABLE_OBJC_WEAK = YES;
				CLANG_WARN_BLOCK_CAPTURE_AUTORELEASING = YES;
				CLANG_WARN_BOOL_CONVERSION = YES;
				CLANG_WARN_COMMA = YES;
				CLANG_WARN_CONSTANT_CONVERSION = YES;
				CLANG_WARN_DEPRECATED_OBJC_IMPLEMENTATIONS = YES;
				CLANG_WARN_DIRECT_OBJC_ISA_USAGE = YES_ERROR;
				CLANG_WARN_DOCUMENTATION_COMMENTS = YES;
				CLANG_WARN_EMPTY_BODY = YES;
				CLANG_WARN_ENUM_CONVERSION = YES;
				CLANG_WARN_INFINITE_RECURSION = YES;
				CLANG_WARN_INT_CONVERSION = YES;
				CLANG_WARN_NON_LITERAL_NULL_CONVERSION = YES;
				CLANG_WARN_OBJC_IMPLICIT_RETAIN_SELF = YES;
				CLANG_WARN_OBJC_LITERAL_CONVERSION = YES;
				CLANG_WARN_OBJC_ROOT_CLASS = YES_ERROR;
				CLANG_WARN_RANGE_LOOP_ANALYSIS = YES;
				CLANG_WARN_STRICT_PROTOTYPES = YES;
				CLANG_WARN_SUSPICIOUS_MOVE = YES;
				CLANG_WARN_UNGUARDED_AVAILABILITY = YES_AGGRESSIVE;
				CLANG_WARN_UNREACHABLE_CODE = YES;
				CLANG_WARN__DUPLICATE_METHOD_MATCH = YES;
				CODE_SIGN_IDENTITY = "iPhone Developer";
				COPY_PHASE_STRIP = NO;
				DEBUG_INFORMATION_FORMAT = dwarf;
				ENABLE_STRICT_OBJC_MSGSEND = YES;
				ENABLE_TESTABILITY = YES;
				GCC_C_LANGUAGE_STANDARD = gnu11;
				GCC_DYNAMIC_NO_PIC = NO;
				GCC_NO_COMMON_BLOCKS = YES;
				GCC_OPTIMIZATION_LEVEL = 0;
				GCC_PREPROCESSOR_DEFINITIONS = (
					"DEBUG=1",
					"$(inherited)",
				);
				GCC_WARN_64_TO_32_BIT_CONVERSION = YES;
				GCC_WARN_ABOUT_RETURN_TYPE = YES_ERROR;
				GCC_WARN_UNDECLARED_SELECTOR = YES;
				GCC_WARN_UNINITIALIZED_AUTOS = YES_AGGRESSIVE;
				GCC_WARN_UNUSED_FUNCTION = YES;
				GCC_WARN_UNUSED_VARIABLE = YES;
				IPHONEOS_DEPLOYMENT_TARGET = 12.2;
				MTL_ENABLE_DEBUG_INFO = INCLUDE_SOURCE;
				MTL_FAST_MATH = YES;
				ONLY_ACTIVE_ARCH = YES;
				SDKROOT = iphoneos;
				SWIFT_ACTIVE_COMPILATION_CONDITIONS = DEBUG;
				SWIFT_OPTIMIZATION_LEVEL = "-Onone";
			};
			name = Debug;
		};
		4E77E24E2297287100281D4D /* Release */ = {
			isa = XCBuildConfiguration;
			buildSettings = {
				ALWAYS_SEARCH_USER_PATHS = NO;
				CLANG_ANALYZER_NONNULL = YES;
				CLANG_ANALYZER_NUMBER_OBJECT_CONVERSION = YES_AGGRESSIVE;
				CLANG_CXX_LANGUAGE_STANDARD = "gnu++14";
				CLANG_CXX_LIBRARY = "libc++";
				CLANG_ENABLE_MODULES = YES;
				CLANG_ENABLE_OBJC_ARC = YES;
				CLANG_ENABLE_OBJC_WEAK = YES;
				CLANG_WARN_BLOCK_CAPTURE_AUTORELEASING = YES;
				CLANG_WARN_BOOL_CONVERSION = YES;
				CLANG_WARN_COMMA = YES;
				CLANG_WARN_CONSTANT_CONVERSION = YES;
				CLANG_WARN_DEPRECATED_OBJC_IMPLEMENTATIONS = YES;
				CLANG_WARN_DIRECT_OBJC_ISA_USAGE = YES_ERROR;
				CLANG_WARN_DOCUMENTATION_COMMENTS = YES;
				CLANG_WARN_EMPTY_BODY = YES;
				CLANG_WARN_ENUM_CONVERSION = YES;
				CLANG_WARN_INFINITE_RECURSION = YES;
				CLANG_WARN_INT_CONVERSION = YES;
				CLANG_WARN_NON_LITERAL_NULL_CONVERSION = YES;
				CLANG_WARN_OBJC_IMPLICIT_RETAIN_SELF = YES;
				CLANG_WARN_OBJC_LITERAL_CONVERSION = YES;
				CLANG_WARN_OBJC_ROOT_CLASS = YES_ERROR;
				CLANG_WARN_RANGE_LOOP_ANALYSIS = YES;
				CLANG_WARN_STRICT_PROTOTYPES = YES;
				CLANG_WARN_SUSPICIOUS_MOVE = YES;
				CLANG_WARN_UNGUARDED_AVAILABILITY = YES_AGGRESSIVE;
				CLANG_WARN_UNREACHABLE_CODE = YES;
				CLANG_WARN__DUPLICATE_METHOD_MATCH = YES;
				CODE_SIGN_IDENTITY = "iPhone Developer";
				COPY_PHASE_STRIP = NO;
				DEBUG_INFORMATION_FORMAT = "dwarf-with-dsym";
				ENABLE_NS_ASSERTIONS = NO;
				ENABLE_STRICT_OBJC_MSGSEND = YES;
				GCC_C_LANGUAGE_STANDARD = gnu11;
				GCC_NO_COMMON_BLOCKS = YES;
				GCC_WARN_64_TO_32_BIT_CONVERSION = YES;
				GCC_WARN_ABOUT_RETURN_TYPE = YES_ERROR;
				GCC_WARN_UNDECLARED_SELECTOR = YES;
				GCC_WARN_UNINITIALIZED_AUTOS = YES_AGGRESSIVE;
				GCC_WARN_UNUSED_FUNCTION = YES;
				GCC_WARN_UNUSED_VARIABLE = YES;
				IPHONEOS_DEPLOYMENT_TARGET = 12.2;
				MTL_ENABLE_DEBUG_INFO = NO;
				MTL_FAST_MATH = YES;
				SDKROOT = iphoneos;
				SWIFT_COMPILATION_MODE = wholemodule;
				SWIFT_OPTIMIZATION_LEVEL = "-O";
				VALIDATE_PRODUCT = YES;
			};
			name = Release;
		};
		4E77E2502297287100281D4D /* Debug */ = {
			isa = XCBuildConfiguration;
			baseConfigurationReference = 1B00B4278CF19E523406DFF7 /* Pods-ImageSaverAndDisplayer.debug.xcconfig */;
			buildSettings = {
				ASSETCATALOG_COMPILER_APPICON_NAME = AppIcon;
				CODE_SIGN_STYLE = Automatic;
				DEVELOPMENT_TEAM = U7Y6QX97LR;
				INFOPLIST_FILE = ImageSaverAndDisplayer/Info.plist;
				LD_RUNPATH_SEARCH_PATHS = (
					"$(inherited)",
					"@executable_path/Frameworks",
				);
				PRODUCT_BUNDLE_IDENTIFIER = "Ali-Jaber.ImageSaverAndDisplayer";
				PRODUCT_NAME = "$(TARGET_NAME)";
				SWIFT_VERSION = 5.0;
				TARGETED_DEVICE_FAMILY = "1,2";
			};
			name = Debug;
		};
		4E77E2512297287100281D4D /* Release */ = {
			isa = XCBuildConfiguration;
			baseConfigurationReference = C1250947EE3B8C57BF604010 /* Pods-ImageSaverAndDisplayer.release.xcconfig */;
			buildSettings = {
				ASSETCATALOG_COMPILER_APPICON_NAME = AppIcon;
				CODE_SIGN_STYLE = Automatic;
				DEVELOPMENT_TEAM = U7Y6QX97LR;
				INFOPLIST_FILE = ImageSaverAndDisplayer/Info.plist;
				LD_RUNPATH_SEARCH_PATHS = (
					"$(inherited)",
					"@executable_path/Frameworks",
				);
				PRODUCT_BUNDLE_IDENTIFIER = "Ali-Jaber.ImageSaverAndDisplayer";
				PRODUCT_NAME = "$(TARGET_NAME)";
				SWIFT_VERSION = 5.0;
				TARGETED_DEVICE_FAMILY = "1,2";
			};
			name = Release;
		};
		4E77E2532297287100281D4D /* Debug */ = {
			isa = XCBuildConfiguration;
			baseConfigurationReference = 03EA2B2539443C76BE77E754 /* Pods-ImageSaverAndDisplayerTests.debug.xcconfig */;
			buildSettings = {
				ALWAYS_EMBED_SWIFT_STANDARD_LIBRARIES = YES;
				BUNDLE_LOADER = "$(TEST_HOST)";
				CODE_SIGN_STYLE = Automatic;
				DEVELOPMENT_TEAM = U7Y6QX97LR;
				INFOPLIST_FILE = ImageSaverAndDisplayerTests/Info.plist;
				LD_RUNPATH_SEARCH_PATHS = (
					"$(inherited)",
					"@executable_path/Frameworks",
					"@loader_path/Frameworks",
				);
				PRODUCT_BUNDLE_IDENTIFIER = "Ali-Jaber.ImageSaverAndDisplayerTests";
				PRODUCT_NAME = "$(TARGET_NAME)";
				SWIFT_VERSION = 5.0;
				TARGETED_DEVICE_FAMILY = "1,2";
				TEST_HOST = "$(BUILT_PRODUCTS_DIR)/ImageSaverAndDisplayer.app/ImageSaverAndDisplayer";
			};
			name = Debug;
		};
		4E77E2542297287100281D4D /* Release */ = {
			isa = XCBuildConfiguration;
			baseConfigurationReference = C3C6318C3FB79AF5E2B81BAD /* Pods-ImageSaverAndDisplayerTests.release.xcconfig */;
			buildSettings = {
				ALWAYS_EMBED_SWIFT_STANDARD_LIBRARIES = YES;
				BUNDLE_LOADER = "$(TEST_HOST)";
				CODE_SIGN_STYLE = Automatic;
				DEVELOPMENT_TEAM = U7Y6QX97LR;
				INFOPLIST_FILE = ImageSaverAndDisplayerTests/Info.plist;
				LD_RUNPATH_SEARCH_PATHS = (
					"$(inherited)",
					"@executable_path/Frameworks",
					"@loader_path/Frameworks",
				);
				PRODUCT_BUNDLE_IDENTIFIER = "Ali-Jaber.ImageSaverAndDisplayerTests";
				PRODUCT_NAME = "$(TARGET_NAME)";
				SWIFT_VERSION = 5.0;
				TARGETED_DEVICE_FAMILY = "1,2";
				TEST_HOST = "$(BUILT_PRODUCTS_DIR)/ImageSaverAndDisplayer.app/ImageSaverAndDisplayer";
			};
			name = Release;
		};
/* End XCBuildConfiguration section */

/* Begin XCConfigurationList section */
		4E77E22A2297286F00281D4D /* Build configuration list for PBXProject "ImageSaverAndDisplayer" */ = {
			isa = XCConfigurationList;
			buildConfigurations = (
				4E77E24D2297287100281D4D /* Debug */,
				4E77E24E2297287100281D4D /* Release */,
			);
			defaultConfigurationIsVisible = 0;
			defaultConfigurationName = Release;
		};
		4E77E24F2297287100281D4D /* Build configuration list for PBXNativeTarget "ImageSaverAndDisplayer" */ = {
			isa = XCConfigurationList;
			buildConfigurations = (
				4E77E2502297287100281D4D /* Debug */,
				4E77E2512297287100281D4D /* Release */,
			);
			defaultConfigurationIsVisible = 0;
			defaultConfigurationName = Release;
		};
		4E77E2522297287100281D4D /* Build configuration list for PBXNativeTarget "ImageSaverAndDisplayerTests" */ = {
			isa = XCConfigurationList;
			buildConfigurations = (
				4E77E2532297287100281D4D /* Debug */,
				4E77E2542297287100281D4D /* Release */,
			);
			defaultConfigurationIsVisible = 0;
			defaultConfigurationName = Release;
		};
/* End XCConfigurationList section */

/* Begin XCVersionGroup section */
		4E77E2392297286F00281D4D /* ImageSaverAndDisplayer.xcdatamodeld */ = {
			isa = XCVersionGroup;
			children = (
				4E77E23A2297286F00281D4D /* ImageSaverAndDisplayer.xcdatamodel */,
			);
			currentVersion = 4E77E23A2297286F00281D4D /* ImageSaverAndDisplayer.xcdatamodel */;
			path = ImageSaverAndDisplayer.xcdatamodeld;
			sourceTree = "<group>";
			versionGroupType = wrapper.xcdatamodel;
		};
/* End XCVersionGroup section */
	};
	rootObject = 4E77E2272297286F00281D4D /* Project object */;
}
